
Microsoft Visual Studio Solution File, Format Version 12.00
# Visual Studio 15
VisualStudioVersion = 15.0.28010.2048
MinimumVisualStudioVersion = 10.0.40219.1
Project("{FAE04EC0-301F-11D3-BF4B-00C04F79EFBC}") = "CoinWarsPlayer", "CoinWarsPlayer\CoinWarsPlayer.csproj", "{9E3AB3C2-476D-4A99-9596-1F6779E72406}"
EndProject
Global
	GlobalSection(SolutionConfigurationPlatforms) = preSolution
		Debug|Any CPU = Debug|Any CPU
		Release|Any CPU = Release|Any CPU
	EndGlobalSection
	GlobalSection(ProjectConfigurationPlatforms) = postSolution
		{9E3AB3C2-476D-4A99-9596-1F6779E72406}.Debug|Any CPU.ActiveCfg = Debug|Any CPU
		{9E3AB3C2-476D-4A99-9596-1F6779E72406}.Debug|Any CPU.Build.0 = Debug|Any CPU
		{9E3AB3C2-476D-4A99-9596-1F6779E72406}.Release|Any CPU.ActiveCfg = Release|Any CPU
		{9E3AB3C2-476D-4A99-9596-1F6779E72406}.Release|Any CPU.Build.0 = Release|Any CPU
	EndGlobalSection
	GlobalSection(SolutionProperties) = preSolution
		HideSolutionNode = FALSE
	EndGlobalSection
	GlobalSection(ExtensibilityGlobals) = postSolution
		SolutionGuid = {A2105BD7-5528-4B8B-8A01-0E11705AEDAE}
	EndGlobalSection
EndGlobal
